
Microsoft Visual Studio Solution File, Format Version 12.00
Project("{FAE04EC0-301F-11D3-BF4B-00C04F79EFBC}") = "JobTaskInpress.Domain", "JobTaskInpress.Domain\JobTaskInpress.Domain.csproj", "{DEF22B3C-F9C6-409C-9596-9FDE77204BBA}"
EndProject
Project("{FAE04EC0-301F-11D3-BF4B-00C04F79EFBC}") = "JobTaskInpress.Api", "JobTaskInpress.Api\JobTaskInpress.Api.csproj", "{D6142DC5-50AB-42B2-96C2-D00E4A5C7638}"
EndProject
Global
	GlobalSection(SolutionConfigurationPlatforms) = preSolution
		Debug|Any CPU = Debug|Any CPU
		Release|Any CPU = Release|Any CPU
	EndGlobalSection
	GlobalSection(ProjectConfigurationPlatforms) = postSolution
		{DEF22B3C-F9C6-409C-9596-9FDE77204BBA}.Debug|Any CPU.ActiveCfg = Debug|Any CPU
		{DEF22B3C-F9C6-409C-9596-9FDE77204BBA}.Debug|Any CPU.Build.0 = Debug|Any CPU
		{DEF22B3C-F9C6-409C-9596-9FDE77204BBA}.Release|Any CPU.ActiveCfg = Release|Any CPU
		{DEF22B3C-F9C6-409C-9596-9FDE77204BBA}.Release|Any CPU.Build.0 = Release|Any CPU
		{D6142DC5-50AB-42B2-96C2-D00E4A5C7638}.Debug|Any CPU.ActiveCfg = Debug|Any CPU
		{D6142DC5-50AB-42B2-96C2-D00E4A5C7638}.Debug|Any CPU.Build.0 = Debug|Any CPU
		{D6142DC5-50AB-42B2-96C2-D00E4A5C7638}.Release|Any CPU.ActiveCfg = Release|Any CPU
		{D6142DC5-50AB-42B2-96C2-D00E4A5C7638}.Release|Any CPU.Build.0 = Release|Any CPU
	EndGlobalSection
EndGlobal
